
Microsoft Visual Studio Solution File, Format Version 12.00
# Visual Studio 2012
Project("{2150E333-8FDC-42A3-9474-1A3956D46DE8}") = "Application", "Application", "{2CA0335E-0337-48DE-9D4D-4EAF6039FE34}"
EndProject
Project("{2150E333-8FDC-42A3-9474-1A3956D46DE8}") = "Domain", "Domain", "{7DD0D347-CE5A-4159-860D-70FD0668E143}"
EndProject
Project("{2150E333-8FDC-42A3-9474-1A3956D46DE8}") = "Infrastructure", "Infrastructure", "{44961DA1-705C-4AF4-AD9E-A35BC8B24295}"
EndProject
Project("{2150E333-8FDC-42A3-9474-1A3956D46DE8}") = "SolutionItems", "SolutionItems", "{82D1C15A-B372-4205-BEEA-AD2625F98DE7}"
	ProjectSection(SolutionItems) = preProject
		..\tools\PowerShell-Helpers\Mirroring-Module\mirror-W8.bat = ..\tools\PowerShell-Helpers\Mirroring-Module\mirror-W8.bat
	EndProjectSection
EndProject
Project("{2150E333-8FDC-42A3-9474-1A3956D46DE8}") = "CrossCutting", "CrossCutting", "{A46CB797-4E3F-4B5C-95A1-C18839CD0B38}"
EndProject
Project("{2150E333-8FDC-42A3-9474-1A3956D46DE8}") = "Presentation", "Presentation", "{52ABBE7A-39C5-48DA-BF47-4078D10D587D}"
EndProject
Project("{FAE04EC0-301F-11D3-BF4B-00C04F79EFBC}") = "Application.Shared.W8", "..\XConductor.W8\Application.Shared.W8\Application.Shared.W8.csproj", "{0AD83764-AC3C-43FD-8294-8F101C963B9A}"
EndProject
Project("{FAE04EC0-301F-11D3-BF4B-00C04F79EFBC}") = "Domain.Seedwork.W8", "..\XConductor.W8\Domain.Seedwork.W8\Domain.Seedwork.W8.csproj", "{3BAC6D03-B934-4A2D-8323-937B442E36D3}"
EndProject
Project("{FAE04EC0-301F-11D3-BF4B-00C04F79EFBC}") = "Domain.Shared.W8", "..\XConductor.W8\Domain.Shared.W8\Domain.Shared.W8.csproj", "{22682553-D822-4FEB-8D66-9546CB284524}"
EndProject
Project("{FAE04EC0-301F-11D3-BF4B-00C04F79EFBC}") = "Domain.W8", "..\XConductor.W8\Domain.W8\Domain.W8.csproj", "{6018EAF5-C39C-4506-B5C5-BF839C52128E}"
EndProject
Project("{FAE04EC0-301F-11D3-BF4B-00C04F79EFBC}") = "Infrastructure.CrossCutting.Seedwork.W8", "..\XConductor.W8\Infrastructure.CrossCutting.Seedwork.W8\Infrastructure.CrossCutting.Seedwork.W8.csproj", "{3CEF3E11-F71B-463E-88C0-084D0D0DCDCD}"
EndProject
Project("{FAE04EC0-301F-11D3-BF4B-00C04F79EFBC}") = "Infrastructure.CrossCutting.Shared.W8", "..\XConductor.W8\Infrastructure.CrossCutting.Shared.W8\Infrastructure.CrossCutting.Shared.W8.csproj", "{6939F0FB-E926-43F7-9940-9D57F2F79DCC}"
EndProject
Project("{FAE04EC0-301F-11D3-BF4B-00C04F79EFBC}") = "XConductor.W8.App", "..\XConductor.W8\XConductor.W8.App\XConductor.W8.App.csproj", "{57DEDD13-562D-4F6C-8E0E-498D0324AF62}"
EndProject
Global
	GlobalSection(SolutionConfigurationPlatforms) = preSolution
		Debug|Any CPU = Debug|Any CPU
		Debug|ARM = Debug|ARM
		Debug|x64 = Debug|x64
		Debug|x86 = Debug|x86
		Release|Any CPU = Release|Any CPU
		Release|ARM = Release|ARM
		Release|x64 = Release|x64
		Release|x86 = Release|x86
	EndGlobalSection
	GlobalSection(ProjectConfigurationPlatforms) = postSolution
		{0AD83764-AC3C-43FD-8294-8F101C963B9A}.Debug|Any CPU.ActiveCfg = Debug|Any CPU
		{0AD83764-AC3C-43FD-8294-8F101C963B9A}.Debug|Any CPU.Build.0 = Debug|Any CPU
		{0AD83764-AC3C-43FD-8294-8F101C963B9A}.Debug|ARM.ActiveCfg = Debug|ARM
		{0AD83764-AC3C-43FD-8294-8F101C963B9A}.Debug|ARM.Build.0 = Debug|ARM
		{0AD83764-AC3C-43FD-8294-8F101C963B9A}.Debug|x64.ActiveCfg = Debug|x64
		{0AD83764-AC3C-43FD-8294-8F101C963B9A}.Debug|x64.Build.0 = Debug|x64
		{0AD83764-AC3C-43FD-8294-8F101C963B9A}.Debug|x86.ActiveCfg = Debug|x86
		{0AD83764-AC3C-43FD-8294-8F101C963B9A}.Debug|x86.Build.0 = Debug|x86
		{0AD83764-AC3C-43FD-8294-8F101C963B9A}.Release|Any CPU.ActiveCfg = Release|Any CPU
		{0AD83764-AC3C-43FD-8294-8F101C963B9A}.Release|Any CPU.Build.0 = Release|Any CPU
		{0AD83764-AC3C-43FD-8294-8F101C963B9A}.Release|ARM.ActiveCfg = Release|ARM
		{0AD83764-AC3C-43FD-8294-8F101C963B9A}.Release|ARM.Build.0 = Release|ARM
		{0AD83764-AC3C-43FD-8294-8F101C963B9A}.Release|x64.ActiveCfg = Release|x64
		{0AD83764-AC3C-43FD-8294-8F101C963B9A}.Release|x64.Build.0 = Release|x64
		{0AD83764-AC3C-43FD-8294-8F101C963B9A}.Release|x86.ActiveCfg = Release|x86
		{0AD83764-AC3C-43FD-8294-8F101C963B9A}.Release|x86.Build.0 = Release|x86
		{3BAC6D03-B934-4A2D-8323-937B442E36D3}.Debug|Any CPU.ActiveCfg = Debug|Any CPU
		{3BAC6D03-B934-4A2D-8323-937B442E36D3}.Debug|Any CPU.Build.0 = Debug|Any CPU
		{3BAC6D03-B934-4A2D-8323-937B442E36D3}.Debug|ARM.ActiveCfg = Debug|ARM
		{3BAC6D03-B934-4A2D-8323-937B442E36D3}.Debug|ARM.Build.0 = Debug|ARM
		{3BAC6D03-B934-4A2D-8323-937B442E36D3}.Debug|x64.ActiveCfg = Debug|x64
		{3BAC6D03-B934-4A2D-8323-937B442E36D3}.Debug|x64.Build.0 = Debug|x64
		{3BAC6D03-B934-4A2D-8323-937B442E36D3}.Debug|x86.ActiveCfg = Debug|x86
		{3BAC6D03-B934-4A2D-8323-937B442E36D3}.Debug|x86.Build.0 = Debug|x86
		{3BAC6D03-B934-4A2D-8323-937B442E36D3}.Release|Any CPU.ActiveCfg = Release|Any CPU
		{3BAC6D03-B934-4A2D-8323-937B442E36D3}.Release|Any CPU.Build.0 = Release|Any CPU
		{3BAC6D03-B934-4A2D-8323-937B442E36D3}.Release|ARM.ActiveCfg = Release|ARM
		{3BAC6D03-B934-4A2D-8323-937B442E36D3}.Release|ARM.Build.0 = Release|ARM
		{3BAC6D03-B934-4A2D-8323-937B442E36D3}.Release|x64.ActiveCfg = Release|x64
		{3BAC6D03-B934-4A2D-8323-937B442E36D3}.Release|x64.Build.0 = Release|x64
		{3BAC6D03-B934-4A2D-8323-937B442E36D3}.Release|x86.ActiveCfg = Release|x86
		{3BAC6D03-B934-4A2D-8323-937B442E36D3}.Release|x86.Build.0 = Release|x86
		{22682553-D822-4FEB-8D66-9546CB284524}.Debug|Any CPU.ActiveCfg = Debug|Any CPU
		{22682553-D822-4FEB-8D66-9546CB284524}.Debug|Any CPU.Build.0 = Debug|Any CPU
		{22682553-D822-4FEB-8D66-9546CB284524}.Debug|ARM.ActiveCfg = Debug|ARM
		{22682553-D822-4FEB-8D66-9546CB284524}.Debug|ARM.Build.0 = Debug|ARM
		{22682553-D822-4FEB-8D66-9546CB284524}.Debug|x64.ActiveCfg = Debug|x64
		{22682553-D822-4FEB-8D66-9546CB284524}.Debug|x64.Build.0 = Debug|x64
		{22682553-D822-4FEB-8D66-9546CB284524}.Debug|x86.ActiveCfg = Debug|x86
		{22682553-D822-4FEB-8D66-9546CB284524}.Debug|x86.Build.0 = Debug|x86
		{22682553-D822-4FEB-8D66-9546CB284524}.Release|Any CPU.ActiveCfg = Release|Any CPU
		{22682553-D822-4FEB-8D66-9546CB284524}.Release|Any CPU.Build.0 = Release|Any CPU
		{22682553-D822-4FEB-8D66-9546CB284524}.Release|ARM.ActiveCfg = Release|ARM
		{22682553-D822-4FEB-8D66-9546CB284524}.Release|ARM.Build.0 = Release|ARM
		{22682553-D822-4FEB-8D66-9546CB284524}.Release|x64.ActiveCfg = Release|x64
		{22682553-D822-4FEB-8D66-9546CB284524}.Release|x64.Build.0 = Release|x64
		{22682553-D822-4FEB-8D66-9546CB284524}.Release|x86.ActiveCfg = Release|x86
		{22682553-D822-4FEB-8D66-9546CB284524}.Release|x86.Build.0 = Release|x86
		{6018EAF5-C39C-4506-B5C5-BF839C52128E}.Debug|Any CPU.ActiveCfg = Debug|Any CPU
		{6018EAF5-C39C-4506-B5C5-BF839C52128E}.Debug|Any CPU.Build.0 = Debug|Any CPU
		{6018EAF5-C39C-4506-B5C5-BF839C52128E}.Debug|ARM.ActiveCfg = Debug|ARM
		{6018EAF5-C39C-4506-B5C5-BF839C52128E}.Debug|ARM.Build.0 = Debug|ARM
		{6018EAF5-C39C-4506-B5C5-BF839C52128E}.Debug|x64.ActiveCfg = Debug|x64
		{6018EAF5-C39C-4506-B5C5-BF839C52128E}.Debug|x64.Build.0 = Debug|x64
		{6018EAF5-C39C-4506-B5C5-BF839C52128E}.Debug|x86.ActiveCfg = Debug|x86
		{6018EAF5-C39C-4506-B5C5-BF839C52128E}.Debug|x86.Build.0 = Debug|x86
		{6018EAF5-C39C-4506-B5C5-BF839C52128E}.Release|Any CPU.ActiveCfg = Release|Any CPU
		{6018EAF5-C39C-4506-B5C5-BF839C52128E}.Release|Any CPU.Build.0 = Release|Any CPU
		{6018EAF5-C39C-4506-B5C5-BF839C52128E}.Release|ARM.ActiveCfg = Release|ARM
		{6018EAF5-C39C-4506-B5C5-BF839C52128E}.Release|ARM.Build.0 = Release|ARM
		{6018EAF5-C39C-4506-B5C5-BF839C52128E}.Release|x64.ActiveCfg = Release|x64
		{6018EAF5-C39C-4506-B5C5-BF839C52128E}.Release|x64.Build.0 = Release|x64
		{6018EAF5-C39C-4506-B5C5-BF839C52128E}.Release|x86.ActiveCfg = Release|x86
		{6018EAF5-C39C-4506-B5C5-BF839C52128E}.Release|x86.Build.0 = Release|x86
		{3CEF3E11-F71B-463E-88C0-084D0D0DCDCD}.Debug|Any CPU.ActiveCfg = Debug|Any CPU
		{3CEF3E11-F71B-463E-88C0-084D0D0DCDCD}.Debug|Any CPU.Build.0 = Debug|Any CPU
		{3CEF3E11-F71B-463E-88C0-084D0D0DCDCD}.Debug|ARM.ActiveCfg = Debug|ARM
		{3CEF3E11-F71B-463E-88C0-084D0D0DCDCD}.Debug|ARM.Build.0 = Debug|ARM
		{3CEF3E11-F71B-463E-88C0-084D0D0DCDCD}.Debug|x64.ActiveCfg = Debug|x64
		{3CEF3E11-F71B-463E-88C0-084D0D0DCDCD}.Debug|x64.Build.0 = Debug|x64
		{3CEF3E11-F71B-463E-88C0-084D0D0DCDCD}.Debug|x86.ActiveCfg = Debug|x86
		{3CEF3E11-F71B-463E-88C0-084D0D0DCDCD}.Debug|x86.Build.0 = Debug|x86
		{3CEF3E11-F71B-463E-88C0-084D0D0DCDCD}.Release|Any CPU.ActiveCfg = Release|Any CPU
		{3CEF3E11-F71B-463E-88C0-084D0D0DCDCD}.Release|Any CPU.Build.0 = Release|Any CPU
		{3CEF3E11-F71B-463E-88C0-084D0D0DCDCD}.Release|ARM.ActiveCfg = Release|ARM
		{3CEF3E11-F71B-463E-88C0-084D0D0DCDCD}.Release|ARM.Build.0 = Release|ARM
		{3CEF3E11-F71B-463E-88C0-084D0D0DCDCD}.Release|x64.ActiveCfg = Release|x64
		{3CEF3E11-F71B-463E-88C0-084D0D0DCDCD}.Release|x64.Build.0 = Release|x64
		{3CEF3E11-F71B-463E-88C0-084D0D0DCDCD}.Release|x86.ActiveCfg = Release|x86
		{3CEF3E11-F71B-463E-88C0-084D0D0DCDCD}.Release|x86.Build.0 = Release|x86
		{6939F0FB-E926-43F7-9940-9D57F2F79DCC}.Debug|Any CPU.ActiveCfg = Debug|Any CPU
		{6939F0FB-E926-43F7-9940-9D57F2F79DCC}.Debug|Any CPU.Build.0 = Debug|Any CPU
		{6939F0FB-E926-43F7-9940-9D57F2F79DCC}.Debug|ARM.ActiveCfg = Debug|ARM
		{6939F0FB-E926-43F7-9940-9D57F2F79DCC}.Debug|ARM.Build.0 = Debug|ARM
		{6939F0FB-E926-43F7-9940-9D57F2F79DCC}.Debug|x64.ActiveCfg = Debug|x64
		{6939F0FB-E926-43F7-9940-9D57F2F79DCC}.Debug|x64.Build.0 = Debug|x64
		{6939F0FB-E926-43F7-9940-9D57F2F79DCC}.Debug|x86.ActiveCfg = Debug|x86
		{6939F0FB-E926-43F7-9940-9D57F2F79DCC}.Debug|x86.Build.0 = Debug|x86
		{6939F0FB-E926-43F7-9940-9D57F2F79DCC}.Release|Any CPU.ActiveCfg = Release|Any CPU
		{6939F0FB-E926-43F7-9940-9D57F2F79DCC}.Release|Any CPU.Build.0 = Release|Any CPU
		{6939F0FB-E926-43F7-9940-9D57F2F79DCC}.Release|ARM.ActiveCfg = Release|ARM
		{6939F0FB-E926-43F7-9940-9D57F2F79DCC}.Release|ARM.Build.0 = Release|ARM
		{6939F0FB-E926-43F7-9940-9D57F2F79DCC}.Release|x64.ActiveCfg = Release|x64
		{6939F0FB-E926-43F7-9940-9D57F2F79DCC}.Release|x64.Build.0 = Release|x64
		{6939F0FB-E926-43F7-9940-9D57F2F79DCC}.Release|x86.ActiveCfg = Release|x86
		{6939F0FB-E926-43F7-9940-9D57F2F79DCC}.Release|x86.Build.0 = Release|x86
		{57DEDD13-562D-4F6C-8E0E-498D0324AF62}.Debug|Any CPU.ActiveCfg = Debug|x64
		{57DEDD13-562D-4F6C-8E0E-498D0324AF62}.Debug|Any CPU.Build.0 = Debug|x64
		{57DEDD13-562D-4F6C-8E0E-498D0324AF62}.Debug|Any CPU.Deploy.0 = Debug|x64
		{57DEDD13-562D-4F6C-8E0E-498D0324AF62}.Debug|ARM.ActiveCfg = Debug|ARM
		{57DEDD13-562D-4F6C-8E0E-498D0324AF62}.Debug|ARM.Build.0 = Debug|ARM
		{57DEDD13-562D-4F6C-8E0E-498D0324AF62}.Debug|ARM.Deploy.0 = Debug|ARM
		{57DEDD13-562D-4F6C-8E0E-498D0324AF62}.Debug|x64.ActiveCfg = Debug|x64
		{57DEDD13-562D-4F6C-8E0E-498D0324AF62}.Debug|x64.Build.0 = Debug|x64
		{57DEDD13-562D-4F6C-8E0E-498D0324AF62}.Debug|x64.Deploy.0 = Debug|x64
		{57DEDD13-562D-4F6C-8E0E-498D0324AF62}.Debug|x86.ActiveCfg = Debug|x86
		{57DEDD13-562D-4F6C-8E0E-498D0324AF62}.Debug|x86.Build.0 = Debug|x86
		{57DEDD13-562D-4F6C-8E0E-498D0324AF62}.Debug|x86.Deploy.0 = Debug|x86
		{57DEDD13-562D-4F6C-8E0E-498D0324AF62}.Release|Any CPU.ActiveCfg = Release|Any CPU
		{57DEDD13-562D-4F6C-8E0E-498D0324AF62}.Release|Any CPU.Build.0 = Release|Any CPU
		{57DEDD13-562D-4F6C-8E0E-498D0324AF62}.Release|Any CPU.Deploy.0 = Release|Any CPU
		{57DEDD13-562D-4F6C-8E0E-498D0324AF62}.Release|ARM.ActiveCfg = Release|ARM
		{57DEDD13-562D-4F6C-8E0E-498D0324AF62}.Release|ARM.Build.0 = Release|ARM
		{57DEDD13-562D-4F6C-8E0E-498D0324AF62}.Release|ARM.Deploy.0 = Release|ARM
		{57DEDD13-562D-4F6C-8E0E-498D0324AF62}.Release|x64.ActiveCfg = Release|x64
		{57DEDD13-562D-4F6C-8E0E-498D0324AF62}.Release|x64.Build.0 = Release|x64
		{57DEDD13-562D-4F6C-8E0E-498D0324AF62}.Release|x64.Deploy.0 = Release|x64
		{57DEDD13-562D-4F6C-8E0E-498D0324AF62}.Release|x86.ActiveCfg = Release|x86
		{57DEDD13-562D-4F6C-8E0E-498D0324AF62}.Release|x86.Build.0 = Release|x86
		{57DEDD13-562D-4F6C-8E0E-498D0324AF62}.Release|x86.Deploy.0 = Release|x86
	EndGlobalSection
	GlobalSection(SolutionProperties) = preSolution
		HideSolutionNode = FALSE
	EndGlobalSection
	GlobalSection(NestedProjects) = preSolution
		{0AD83764-AC3C-43FD-8294-8F101C963B9A} = {2CA0335E-0337-48DE-9D4D-4EAF6039FE34}
		{3BAC6D03-B934-4A2D-8323-937B442E36D3} = {7DD0D347-CE5A-4159-860D-70FD0668E143}
		{22682553-D822-4FEB-8D66-9546CB284524} = {7DD0D347-CE5A-4159-860D-70FD0668E143}
		{6018EAF5-C39C-4506-B5C5-BF839C52128E} = {7DD0D347-CE5A-4159-860D-70FD0668E143}
		{A46CB797-4E3F-4B5C-95A1-C18839CD0B38} = {44961DA1-705C-4AF4-AD9E-A35BC8B24295}
		{3CEF3E11-F71B-463E-88C0-084D0D0DCDCD} = {A46CB797-4E3F-4B5C-95A1-C18839CD0B38}
		{6939F0FB-E926-43F7-9940-9D57F2F79DCC} = {A46CB797-4E3F-4B5C-95A1-C18839CD0B38}
		{57DEDD13-562D-4F6C-8E0E-498D0324AF62} = {52ABBE7A-39C5-48DA-BF47-4078D10D587D}
	EndGlobalSection
EndGlobal
