
Microsoft Visual Studio Solution File, Format Version 12.00
# Visual Studio 2012
Project("{FAE04EC0-301F-11D3-BF4B-00C04F79EFBC}") = "Presentation.WindowsPhone", "..\XConductor.WP8\Presentation.WindowsPhone\Presentation.WindowsPhone.csproj", "{7B42FB8D-604D-4406-9427-9A5826FFD6AF}"
EndProject
Project("{2150E333-8FDC-42A3-9474-1A3956D46DE8}") = "Presentation", "Presentation", "{E239C60A-44A0-4DE9-AE23-18B724C76AD4}"
EndProject
Project("{2150E333-8FDC-42A3-9474-1A3956D46DE8}") = "SolutionItems", "SolutionItems", "{55C799D6-01BE-43F1-9090-16A2B2549030}"
	ProjectSection(SolutionItems) = preProject
		..\tools\PowerShell-Helpers\Mirroring-Module\mirror-WP8.bat = ..\tools\PowerShell-Helpers\Mirroring-Module\mirror-WP8.bat
	EndProjectSection
EndProject
Project("{2150E333-8FDC-42A3-9474-1A3956D46DE8}") = "Application", "Application", "{DC0F21E2-EFBE-406A-A7E2-7A935BB310FF}"
EndProject
Project("{2150E333-8FDC-42A3-9474-1A3956D46DE8}") = "Domain", "Domain", "{1B61BBBB-B391-45C4-BE0B-54484D9F1466}"
EndProject
Project("{FAE04EC0-301F-11D3-BF4B-00C04F79EFBC}") = "Domain.Seedwork.WP8", "..\XConductor.WP8\Domain.Seedwork.WP8\Domain.Seedwork.WP8.csproj", "{068219E1-DD43-414F-A671-5169B41675F7}"
EndProject
Project("{FAE04EC0-301F-11D3-BF4B-00C04F79EFBC}") = "Application.Shared.WP8", "..\XConductor.WP8\Application.Shared.WP8\Application.Shared.WP8.csproj", "{CF987765-A993-47F4-836B-90BB74144CBE}"
EndProject
Project("{FAE04EC0-301F-11D3-BF4B-00C04F79EFBC}") = "Domain.Shared.WP8", "..\XConductor.WP8\Domain.Shared.WP8\Domain.Shared.WP8.csproj", "{63D8DCC6-D681-40C5-BEEF-AE952C450062}"
EndProject
Project("{FAE04EC0-301F-11D3-BF4B-00C04F79EFBC}") = "Domain.WP8", "..\XConductor.WP8\Domain.WP8\Domain.WP8.csproj", "{E78761D7-A855-4326-84D8-2C42D9F81620}"
EndProject
Project("{2150E333-8FDC-42A3-9474-1A3956D46DE8}") = "Infrastructure", "Infrastructure", "{1F00002E-B9FB-4EE3-9AFA-07CEACEB60EA}"
EndProject
Project("{2150E333-8FDC-42A3-9474-1A3956D46DE8}") = "CrossCutting", "CrossCutting", "{D15C610B-0333-4429-8755-6AD531D721E3}"
EndProject
Project("{FAE04EC0-301F-11D3-BF4B-00C04F79EFBC}") = "Infrastructure.CrossCutting.Seedwork.WP8", "..\XConductor.WP8\Infrastructure.CrossCutting.Seedwork.WP8\Infrastructure.CrossCutting.Seedwork.WP8.csproj", "{BA29A401-D0B8-440A-BD4B-45043BABF106}"
EndProject
Project("{FAE04EC0-301F-11D3-BF4B-00C04F79EFBC}") = "Infrastructure.CrossCutting.Shared.WP8", "..\XConductor.WP8\Infrastructure.CrossCutting.Shared.WP8\Infrastructure.CrossCutting.Shared.WP8.csproj", "{A62D2D61-F3E3-43C6-A007-C34332806574}"
EndProject
Global
	GlobalSection(SolutionConfigurationPlatforms) = preSolution
		Debug|Any CPU = Debug|Any CPU
		Debug|ARM = Debug|ARM
		Debug|x86 = Debug|x86
		Release|Any CPU = Release|Any CPU
		Release|ARM = Release|ARM
		Release|x86 = Release|x86
	EndGlobalSection
	GlobalSection(ProjectConfigurationPlatforms) = postSolution
		{7B42FB8D-604D-4406-9427-9A5826FFD6AF}.Debug|Any CPU.ActiveCfg = Debug|Any CPU
		{7B42FB8D-604D-4406-9427-9A5826FFD6AF}.Debug|Any CPU.Build.0 = Debug|Any CPU
		{7B42FB8D-604D-4406-9427-9A5826FFD6AF}.Debug|Any CPU.Deploy.0 = Debug|Any CPU
		{7B42FB8D-604D-4406-9427-9A5826FFD6AF}.Debug|ARM.ActiveCfg = Debug|ARM
		{7B42FB8D-604D-4406-9427-9A5826FFD6AF}.Debug|ARM.Build.0 = Debug|ARM
		{7B42FB8D-604D-4406-9427-9A5826FFD6AF}.Debug|ARM.Deploy.0 = Debug|ARM
		{7B42FB8D-604D-4406-9427-9A5826FFD6AF}.Debug|x86.ActiveCfg = Debug|x86
		{7B42FB8D-604D-4406-9427-9A5826FFD6AF}.Debug|x86.Build.0 = Debug|x86
		{7B42FB8D-604D-4406-9427-9A5826FFD6AF}.Debug|x86.Deploy.0 = Debug|x86
		{7B42FB8D-604D-4406-9427-9A5826FFD6AF}.Release|Any CPU.ActiveCfg = Release|Any CPU
		{7B42FB8D-604D-4406-9427-9A5826FFD6AF}.Release|Any CPU.Build.0 = Release|Any CPU
		{7B42FB8D-604D-4406-9427-9A5826FFD6AF}.Release|Any CPU.Deploy.0 = Release|Any CPU
		{7B42FB8D-604D-4406-9427-9A5826FFD6AF}.Release|ARM.ActiveCfg = Release|ARM
		{7B42FB8D-604D-4406-9427-9A5826FFD6AF}.Release|ARM.Build.0 = Release|ARM
		{7B42FB8D-604D-4406-9427-9A5826FFD6AF}.Release|ARM.Deploy.0 = Release|ARM
		{7B42FB8D-604D-4406-9427-9A5826FFD6AF}.Release|x86.ActiveCfg = Release|x86
		{7B42FB8D-604D-4406-9427-9A5826FFD6AF}.Release|x86.Build.0 = Release|x86
		{7B42FB8D-604D-4406-9427-9A5826FFD6AF}.Release|x86.Deploy.0 = Release|x86
		{068219E1-DD43-414F-A671-5169B41675F7}.Debug|Any CPU.ActiveCfg = Debug|Any CPU
		{068219E1-DD43-414F-A671-5169B41675F7}.Debug|Any CPU.Build.0 = Debug|Any CPU
		{068219E1-DD43-414F-A671-5169B41675F7}.Debug|ARM.ActiveCfg = Debug|ARM
		{068219E1-DD43-414F-A671-5169B41675F7}.Debug|ARM.Build.0 = Debug|ARM
		{068219E1-DD43-414F-A671-5169B41675F7}.Debug|x86.ActiveCfg = Debug|x86
		{068219E1-DD43-414F-A671-5169B41675F7}.Debug|x86.Build.0 = Debug|x86
		{068219E1-DD43-414F-A671-5169B41675F7}.Release|Any CPU.ActiveCfg = Release|Any CPU
		{068219E1-DD43-414F-A671-5169B41675F7}.Release|Any CPU.Build.0 = Release|Any CPU
		{068219E1-DD43-414F-A671-5169B41675F7}.Release|ARM.ActiveCfg = Release|ARM
		{068219E1-DD43-414F-A671-5169B41675F7}.Release|ARM.Build.0 = Release|ARM
		{068219E1-DD43-414F-A671-5169B41675F7}.Release|x86.ActiveCfg = Release|x86
		{068219E1-DD43-414F-A671-5169B41675F7}.Release|x86.Build.0 = Release|x86
		{CF987765-A993-47F4-836B-90BB74144CBE}.Debug|Any CPU.ActiveCfg = Debug|Any CPU
		{CF987765-A993-47F4-836B-90BB74144CBE}.Debug|Any CPU.Build.0 = Debug|Any CPU
		{CF987765-A993-47F4-836B-90BB74144CBE}.Debug|ARM.ActiveCfg = Debug|ARM
		{CF987765-A993-47F4-836B-90BB74144CBE}.Debug|ARM.Build.0 = Debug|ARM
		{CF987765-A993-47F4-836B-90BB74144CBE}.Debug|x86.ActiveCfg = Debug|x86
		{CF987765-A993-47F4-836B-90BB74144CBE}.Debug|x86.Build.0 = Debug|x86
		{CF987765-A993-47F4-836B-90BB74144CBE}.Release|Any CPU.ActiveCfg = Release|Any CPU
		{CF987765-A993-47F4-836B-90BB74144CBE}.Release|Any CPU.Build.0 = Release|Any CPU
		{CF987765-A993-47F4-836B-90BB74144CBE}.Release|ARM.ActiveCfg = Release|ARM
		{CF987765-A993-47F4-836B-90BB74144CBE}.Release|ARM.Build.0 = Release|ARM
		{CF987765-A993-47F4-836B-90BB74144CBE}.Release|x86.ActiveCfg = Release|x86
		{CF987765-A993-47F4-836B-90BB74144CBE}.Release|x86.Build.0 = Release|x86
		{63D8DCC6-D681-40C5-BEEF-AE952C450062}.Debug|Any CPU.ActiveCfg = Debug|Any CPU
		{63D8DCC6-D681-40C5-BEEF-AE952C450062}.Debug|Any CPU.Build.0 = Debug|Any CPU
		{63D8DCC6-D681-40C5-BEEF-AE952C450062}.Debug|ARM.ActiveCfg = Debug|ARM
		{63D8DCC6-D681-40C5-BEEF-AE952C450062}.Debug|ARM.Build.0 = Debug|ARM
		{63D8DCC6-D681-40C5-BEEF-AE952C450062}.Debug|x86.ActiveCfg = Debug|x86
		{63D8DCC6-D681-40C5-BEEF-AE952C450062}.Debug|x86.Build.0 = Debug|x86
		{63D8DCC6-D681-40C5-BEEF-AE952C450062}.Release|Any CPU.ActiveCfg = Release|Any CPU
		{63D8DCC6-D681-40C5-BEEF-AE952C450062}.Release|Any CPU.Build.0 = Release|Any CPU
		{63D8DCC6-D681-40C5-BEEF-AE952C450062}.Release|ARM.ActiveCfg = Release|ARM
		{63D8DCC6-D681-40C5-BEEF-AE952C450062}.Release|ARM.Build.0 = Release|ARM
		{63D8DCC6-D681-40C5-BEEF-AE952C450062}.Release|x86.ActiveCfg = Release|x86
		{63D8DCC6-D681-40C5-BEEF-AE952C450062}.Release|x86.Build.0 = Release|x86
		{E78761D7-A855-4326-84D8-2C42D9F81620}.Debug|Any CPU.ActiveCfg = Debug|Any CPU
		{E78761D7-A855-4326-84D8-2C42D9F81620}.Debug|Any CPU.Build.0 = Debug|Any CPU
		{E78761D7-A855-4326-84D8-2C42D9F81620}.Debug|ARM.ActiveCfg = Debug|ARM
		{E78761D7-A855-4326-84D8-2C42D9F81620}.Debug|ARM.Build.0 = Debug|ARM
		{E78761D7-A855-4326-84D8-2C42D9F81620}.Debug|x86.ActiveCfg = Debug|x86
		{E78761D7-A855-4326-84D8-2C42D9F81620}.Debug|x86.Build.0 = Debug|x86
		{E78761D7-A855-4326-84D8-2C42D9F81620}.Release|Any CPU.ActiveCfg = Release|Any CPU
		{E78761D7-A855-4326-84D8-2C42D9F81620}.Release|Any CPU.Build.0 = Release|Any CPU
		{E78761D7-A855-4326-84D8-2C42D9F81620}.Release|ARM.ActiveCfg = Release|ARM
		{E78761D7-A855-4326-84D8-2C42D9F81620}.Release|ARM.Build.0 = Release|ARM
		{E78761D7-A855-4326-84D8-2C42D9F81620}.Release|x86.ActiveCfg = Release|x86
		{E78761D7-A855-4326-84D8-2C42D9F81620}.Release|x86.Build.0 = Release|x86
		{BA29A401-D0B8-440A-BD4B-45043BABF106}.Debug|Any CPU.ActiveCfg = Debug|Any CPU
		{BA29A401-D0B8-440A-BD4B-45043BABF106}.Debug|Any CPU.Build.0 = Debug|Any CPU
		{BA29A401-D0B8-440A-BD4B-45043BABF106}.Debug|ARM.ActiveCfg = Debug|ARM
		{BA29A401-D0B8-440A-BD4B-45043BABF106}.Debug|ARM.Build.0 = Debug|ARM
		{BA29A401-D0B8-440A-BD4B-45043BABF106}.Debug|x86.ActiveCfg = Debug|x86
		{BA29A401-D0B8-440A-BD4B-45043BABF106}.Debug|x86.Build.0 = Debug|x86
		{BA29A401-D0B8-440A-BD4B-45043BABF106}.Release|Any CPU.ActiveCfg = Release|Any CPU
		{BA29A401-D0B8-440A-BD4B-45043BABF106}.Release|Any CPU.Build.0 = Release|Any CPU
		{BA29A401-D0B8-440A-BD4B-45043BABF106}.Release|ARM.ActiveCfg = Release|ARM
		{BA29A401-D0B8-440A-BD4B-45043BABF106}.Release|ARM.Build.0 = Release|ARM
		{BA29A401-D0B8-440A-BD4B-45043BABF106}.Release|x86.ActiveCfg = Release|x86
		{BA29A401-D0B8-440A-BD4B-45043BABF106}.Release|x86.Build.0 = Release|x86
		{A62D2D61-F3E3-43C6-A007-C34332806574}.Debug|Any CPU.ActiveCfg = Debug|Any CPU
		{A62D2D61-F3E3-43C6-A007-C34332806574}.Debug|Any CPU.Build.0 = Debug|Any CPU
		{A62D2D61-F3E3-43C6-A007-C34332806574}.Debug|ARM.ActiveCfg = Debug|ARM
		{A62D2D61-F3E3-43C6-A007-C34332806574}.Debug|ARM.Build.0 = Debug|ARM
		{A62D2D61-F3E3-43C6-A007-C34332806574}.Debug|x86.ActiveCfg = Debug|x86
		{A62D2D61-F3E3-43C6-A007-C34332806574}.Debug|x86.Build.0 = Debug|x86
		{A62D2D61-F3E3-43C6-A007-C34332806574}.Release|Any CPU.ActiveCfg = Release|Any CPU
		{A62D2D61-F3E3-43C6-A007-C34332806574}.Release|Any CPU.Build.0 = Release|Any CPU
		{A62D2D61-F3E3-43C6-A007-C34332806574}.Release|ARM.ActiveCfg = Release|ARM
		{A62D2D61-F3E3-43C6-A007-C34332806574}.Release|ARM.Build.0 = Release|ARM
		{A62D2D61-F3E3-43C6-A007-C34332806574}.Release|x86.ActiveCfg = Release|x86
		{A62D2D61-F3E3-43C6-A007-C34332806574}.Release|x86.Build.0 = Release|x86
	EndGlobalSection
	GlobalSection(SolutionProperties) = preSolution
		HideSolutionNode = FALSE
	EndGlobalSection
	GlobalSection(NestedProjects) = preSolution
		{7B42FB8D-604D-4406-9427-9A5826FFD6AF} = {E239C60A-44A0-4DE9-AE23-18B724C76AD4}
		{CF987765-A993-47F4-836B-90BB74144CBE} = {DC0F21E2-EFBE-406A-A7E2-7A935BB310FF}
		{068219E1-DD43-414F-A671-5169B41675F7} = {1B61BBBB-B391-45C4-BE0B-54484D9F1466}
		{63D8DCC6-D681-40C5-BEEF-AE952C450062} = {1B61BBBB-B391-45C4-BE0B-54484D9F1466}
		{E78761D7-A855-4326-84D8-2C42D9F81620} = {1B61BBBB-B391-45C4-BE0B-54484D9F1466}
		{D15C610B-0333-4429-8755-6AD531D721E3} = {1F00002E-B9FB-4EE3-9AFA-07CEACEB60EA}
		{BA29A401-D0B8-440A-BD4B-45043BABF106} = {D15C610B-0333-4429-8755-6AD531D721E3}
		{A62D2D61-F3E3-43C6-A007-C34332806574} = {D15C610B-0333-4429-8755-6AD531D721E3}
	EndGlobalSection
EndGlobal
